
Microsoft Visual Studio Solution File, Format Version 12.00
# Visual Studio Version 16
VisualStudioVersion = 16.0.32510.428
MinimumVisualStudioVersion = 10.0.40219.1
Project("{FAE04EC0-301F-11D3-BF4B-00C04F79EFBC}") = "Homework04", "Homework04\Homework04.csproj", "{2CC8A195-03DA-4F7F-9A06-EFDF4A373EF6}"
EndProject
Global
	GlobalSection(SolutionConfigurationPlatforms) = preSolution
		Debug|Any CPU = Debug|Any CPU
		Release|Any CPU = Release|Any CPU
	EndGlobalSection
	GlobalSection(ProjectConfigurationPlatforms) = postSolution
		{2CC8A195-03DA-4F7F-9A06-EFDF4A373EF6}.Debug|Any CPU.ActiveCfg = Debug|Any CPU
		{2CC8A195-03DA-4F7F-9A06-EFDF4A373EF6}.Debug|Any CPU.Build.0 = Debug|Any CPU
		{2CC8A195-03DA-4F7F-9A06-EFDF4A373EF6}.Release|Any CPU.ActiveCfg = Release|Any CPU
		{2CC8A195-03DA-4F7F-9A06-EFDF4A373EF6}.Release|Any CPU.Build.0 = Release|Any CPU
	EndGlobalSection
	GlobalSection(SolutionProperties) = preSolution
		HideSolutionNode = FALSE
	EndGlobalSection
	GlobalSection(ExtensibilityGlobals) = postSolution
		SolutionGuid = {48F87C0F-7BBF-405C-BE43-379009D954BD}
	EndGlobalSection
EndGlobal
